
Microsoft Visual Studio Solution File, Format Version 12.00
# Visual Studio Version 16
VisualStudioVersion = 16.0.29102.190
MinimumVisualStudioVersion = 10.0.40219.1
Project("{9A19103F-16F7-4668-BE54-9A1E7A4F7556}") = "Pancase", "Pancase\Pancase.csproj", "{42177B00-488E-43FD-BC17-5ECCA800600C}"
EndProject
Global
	GlobalSection(SolutionConfigurationPlatforms) = preSolution
		Debug|Any CPU = Debug|Any CPU
		Release|Any CPU = Release|Any CPU
	EndGlobalSection
	GlobalSection(ProjectConfigurationPlatforms) = postSolution
		{42177B00-488E-43FD-BC17-5ECCA800600C}.Debug|Any CPU.ActiveCfg = Debug|Any CPU
		{42177B00-488E-43FD-BC17-5ECCA800600C}.Debug|Any CPU.Build.0 = Debug|Any CPU
		{42177B00-488E-43FD-BC17-5ECCA800600C}.Release|Any CPU.ActiveCfg = Release|Any CPU
		{42177B00-488E-43FD-BC17-5ECCA800600C}.Release|Any CPU.Build.0 = Release|Any CPU
	EndGlobalSection
	GlobalSection(SolutionProperties) = preSolution
		HideSolutionNode = FALSE
	EndGlobalSection
	GlobalSection(ExtensibilityGlobals) = postSolution
		SolutionGuid = {AA1D8254-AD18-4118-93B1-68B9ACD5C8C3}
	EndGlobalSection
EndGlobal
